
Microsoft Visual Studio Solution File, Format Version 12.00
# Visual Studio 14
VisualStudioVersion = 14.0.23107.0
MinimumVisualStudioVersion = 10.0.40219.1
Project("{2150E333-8FDC-42A3-9474-1A3956D46DE8}") = "Tests", "Tests", "{9E8F04C5-0300-4219-8926-A9FB1DDA8E6D}"
EndProject
Project("{FAE04EC0-301F-11D3-BF4B-00C04F79EFBC}") = "sc821.Data", "sc821.Data\sc821.Data.csproj", "{F5DC6E47-B104-458E-B0A3-8FF9D199CA0C}"
EndProject
Project("{FAE04EC0-301F-11D3-BF4B-00C04F79EFBC}") = "sc821.Custom", "sc821.Custom\sc821.Custom.csproj", "{A8D7B067-1539-49D6-90E1-09B04CD84A4E}"
EndProject
Project("{FAE04EC0-301F-11D3-BF4B-00C04F79EFBC}") = "sc821.Web", "sc821.Web\sc821.Web.csproj", "{5A966986-0678-41D2-AD3E-23266F320FC5}"
EndProject
Project("{CAA73BB0-EF22-4D79-A57E-DF67B3BA9C80}") = "sc821.TDS.Core", "sc821.TDS.Core\sc821.TDS.Core.scproj", "{9FC64CC8-F912-4A63-ADA4-4EEC85119875}"
EndProject
Project("{CAA73BB0-EF22-4D79-A57E-DF67B3BA9C80}") = "sc821.TDS.Master", "sc821.TDS.Master\sc821.TDS.Master.scproj", "{6254592E-6775-425F-878A-1C0A3BA0CAB7}"
	ProjectSection(ProjectDependencies) = postProject
		{9FC64CC8-F912-4A63-ADA4-4EEC85119875} = {9FC64CC8-F912-4A63-ADA4-4EEC85119875}
	EndProjectSection
EndProject
Project("{CAA73BB0-EF22-4D79-A57E-DF67B3BA9C80}") = "sc821.TDS.Master.Content", "sc821.TDS.Master.Content\sc821.TDS.Master.Content.scproj", "{7C1004D2-518A-4147-8C46-98E5D6BFF8DA}"
	ProjectSection(ProjectDependencies) = postProject
		{6254592E-6775-425F-878A-1C0A3BA0CAB7} = {6254592E-6775-425F-878A-1C0A3BA0CAB7}
		{9FC64CC8-F912-4A63-ADA4-4EEC85119875} = {9FC64CC8-F912-4A63-ADA4-4EEC85119875}
	EndProjectSection
EndProject
Project("{FAE04EC0-301F-11D3-BF4B-00C04F79EFBC}") = "sc821.Environments", "sc821.Environments\sc821.Environments.csproj", "{82721DCB-403B-4219-B22C-F7747A0EDDFD}"
EndProject
Project("{FAE04EC0-301F-11D3-BF4B-00C04F79EFBC}") = "sc821.Data.Tests", "sc821.Data.Tests\sc821.Data.Tests.csproj", "{862AF922-7F5F-44AA-8CB4-1D3F9EF84640}"
EndProject
Project("{FAE04EC0-301F-11D3-BF4B-00C04F79EFBC}") = "sc821.Custom.Tests", "sc821.Custom.Tests\sc821.Custom.Tests.csproj", "{15EF08DD-F223-42D0-8850-700A103D6084}"
EndProject
Global
	GlobalSection(SolutionConfigurationPlatforms) = preSolution
		CI|Any CPU = CI|Any CPU
		Debug|Any CPU = Debug|Any CPU
		INT-Single|Any CPU = INT-Single|Any CPU
		PROD-CD|Any CPU = PROD-CD|Any CPU
		PROD-CM|Any CPU = PROD-CM|Any CPU
		PROD-Single|Any CPU = PROD-Single|Any CPU
		QA-Single|Any CPU = QA-Single|Any CPU
		Release|Any CPU = Release|Any CPU
		Sandbox|Any CPU = Sandbox|Any CPU
	EndGlobalSection
	GlobalSection(ProjectConfigurationPlatforms) = postSolution
		{F5DC6E47-B104-458E-B0A3-8FF9D199CA0C}.CI|Any CPU.ActiveCfg = CI|Any CPU
		{F5DC6E47-B104-458E-B0A3-8FF9D199CA0C}.CI|Any CPU.Build.0 = CI|Any CPU
		{F5DC6E47-B104-458E-B0A3-8FF9D199CA0C}.Debug|Any CPU.ActiveCfg = Sandbox|Any CPU
		{F5DC6E47-B104-458E-B0A3-8FF9D199CA0C}.Debug|Any CPU.Build.0 = Sandbox|Any CPU
		{F5DC6E47-B104-458E-B0A3-8FF9D199CA0C}.INT-Single|Any CPU.ActiveCfg = INT-Single|Any CPU
		{F5DC6E47-B104-458E-B0A3-8FF9D199CA0C}.INT-Single|Any CPU.Build.0 = INT-Single|Any CPU
		{F5DC6E47-B104-458E-B0A3-8FF9D199CA0C}.PROD-CD|Any CPU.ActiveCfg = PROD-CD|Any CPU
		{F5DC6E47-B104-458E-B0A3-8FF9D199CA0C}.PROD-CD|Any CPU.Build.0 = PROD-CD|Any CPU
		{F5DC6E47-B104-458E-B0A3-8FF9D199CA0C}.PROD-CM|Any CPU.ActiveCfg = PROD-CM|Any CPU
		{F5DC6E47-B104-458E-B0A3-8FF9D199CA0C}.PROD-CM|Any CPU.Build.0 = PROD-CM|Any CPU
		{F5DC6E47-B104-458E-B0A3-8FF9D199CA0C}.PROD-Single|Any CPU.ActiveCfg = PROD-Single|Any CPU
		{F5DC6E47-B104-458E-B0A3-8FF9D199CA0C}.PROD-Single|Any CPU.Build.0 = PROD-Single|Any CPU
		{F5DC6E47-B104-458E-B0A3-8FF9D199CA0C}.QA-Single|Any CPU.ActiveCfg = QA-Single|Any CPU
		{F5DC6E47-B104-458E-B0A3-8FF9D199CA0C}.QA-Single|Any CPU.Build.0 = QA-Single|Any CPU
		{F5DC6E47-B104-458E-B0A3-8FF9D199CA0C}.Release|Any CPU.ActiveCfg = PROD-Single|Any CPU
		{F5DC6E47-B104-458E-B0A3-8FF9D199CA0C}.Release|Any CPU.Build.0 = PROD-Single|Any CPU
		{F5DC6E47-B104-458E-B0A3-8FF9D199CA0C}.Sandbox|Any CPU.ActiveCfg = Sandbox|Any CPU
		{F5DC6E47-B104-458E-B0A3-8FF9D199CA0C}.Sandbox|Any CPU.Build.0 = Sandbox|Any CPU
		{A8D7B067-1539-49D6-90E1-09B04CD84A4E}.CI|Any CPU.ActiveCfg = CI|Any CPU
		{A8D7B067-1539-49D6-90E1-09B04CD84A4E}.CI|Any CPU.Build.0 = CI|Any CPU
		{A8D7B067-1539-49D6-90E1-09B04CD84A4E}.Debug|Any CPU.ActiveCfg = Sandbox|Any CPU
		{A8D7B067-1539-49D6-90E1-09B04CD84A4E}.Debug|Any CPU.Build.0 = Sandbox|Any CPU
		{A8D7B067-1539-49D6-90E1-09B04CD84A4E}.INT-Single|Any CPU.ActiveCfg = INT-Single|Any CPU
		{A8D7B067-1539-49D6-90E1-09B04CD84A4E}.INT-Single|Any CPU.Build.0 = INT-Single|Any CPU
		{A8D7B067-1539-49D6-90E1-09B04CD84A4E}.PROD-CD|Any CPU.ActiveCfg = PROD-CD|Any CPU
		{A8D7B067-1539-49D6-90E1-09B04CD84A4E}.PROD-CD|Any CPU.Build.0 = PROD-CD|Any CPU
		{A8D7B067-1539-49D6-90E1-09B04CD84A4E}.PROD-CM|Any CPU.ActiveCfg = PROD-CM|Any CPU
		{A8D7B067-1539-49D6-90E1-09B04CD84A4E}.PROD-CM|Any CPU.Build.0 = PROD-CM|Any CPU
		{A8D7B067-1539-49D6-90E1-09B04CD84A4E}.PROD-Single|Any CPU.ActiveCfg = PROD-Single|Any CPU
		{A8D7B067-1539-49D6-90E1-09B04CD84A4E}.PROD-Single|Any CPU.Build.0 = PROD-Single|Any CPU
		{A8D7B067-1539-49D6-90E1-09B04CD84A4E}.QA-Single|Any CPU.ActiveCfg = QA-Single|Any CPU
		{A8D7B067-1539-49D6-90E1-09B04CD84A4E}.QA-Single|Any CPU.Build.0 = QA-Single|Any CPU
		{A8D7B067-1539-49D6-90E1-09B04CD84A4E}.Release|Any CPU.ActiveCfg = PROD-Single|Any CPU
		{A8D7B067-1539-49D6-90E1-09B04CD84A4E}.Release|Any CPU.Build.0 = PROD-Single|Any CPU
		{A8D7B067-1539-49D6-90E1-09B04CD84A4E}.Sandbox|Any CPU.ActiveCfg = Sandbox|Any CPU
		{A8D7B067-1539-49D6-90E1-09B04CD84A4E}.Sandbox|Any CPU.Build.0 = Sandbox|Any CPU
		{5A966986-0678-41D2-AD3E-23266F320FC5}.CI|Any CPU.ActiveCfg = CI|Any CPU
		{5A966986-0678-41D2-AD3E-23266F320FC5}.CI|Any CPU.Build.0 = CI|Any CPU
		{5A966986-0678-41D2-AD3E-23266F320FC5}.Debug|Any CPU.ActiveCfg = Sandbox|Any CPU
		{5A966986-0678-41D2-AD3E-23266F320FC5}.Debug|Any CPU.Build.0 = Sandbox|Any CPU
		{5A966986-0678-41D2-AD3E-23266F320FC5}.INT-Single|Any CPU.ActiveCfg = INT-Single|Any CPU
		{5A966986-0678-41D2-AD3E-23266F320FC5}.INT-Single|Any CPU.Build.0 = INT-Single|Any CPU
		{5A966986-0678-41D2-AD3E-23266F320FC5}.PROD-CD|Any CPU.ActiveCfg = PROD-CD|Any CPU
		{5A966986-0678-41D2-AD3E-23266F320FC5}.PROD-CD|Any CPU.Build.0 = PROD-CD|Any CPU
		{5A966986-0678-41D2-AD3E-23266F320FC5}.PROD-CM|Any CPU.ActiveCfg = PROD-CM|Any CPU
		{5A966986-0678-41D2-AD3E-23266F320FC5}.PROD-CM|Any CPU.Build.0 = PROD-CM|Any CPU
		{5A966986-0678-41D2-AD3E-23266F320FC5}.PROD-Single|Any CPU.ActiveCfg = PROD-Single|Any CPU
		{5A966986-0678-41D2-AD3E-23266F320FC5}.PROD-Single|Any CPU.Build.0 = PROD-Single|Any CPU
		{5A966986-0678-41D2-AD3E-23266F320FC5}.QA-Single|Any CPU.ActiveCfg = QA-Single|Any CPU
		{5A966986-0678-41D2-AD3E-23266F320FC5}.QA-Single|Any CPU.Build.0 = QA-Single|Any CPU
		{5A966986-0678-41D2-AD3E-23266F320FC5}.Release|Any CPU.ActiveCfg = PROD-Single|Any CPU
		{5A966986-0678-41D2-AD3E-23266F320FC5}.Release|Any CPU.Build.0 = PROD-Single|Any CPU
		{5A966986-0678-41D2-AD3E-23266F320FC5}.Sandbox|Any CPU.ActiveCfg = Sandbox|Any CPU
		{5A966986-0678-41D2-AD3E-23266F320FC5}.Sandbox|Any CPU.Build.0 = Sandbox|Any CPU
		{9FC64CC8-F912-4A63-ADA4-4EEC85119875}.CI|Any CPU.ActiveCfg = CI|Any CPU
		{9FC64CC8-F912-4A63-ADA4-4EEC85119875}.CI|Any CPU.Build.0 = CI|Any CPU
		{9FC64CC8-F912-4A63-ADA4-4EEC85119875}.Debug|Any CPU.ActiveCfg = Sandbox|Any CPU
		{9FC64CC8-F912-4A63-ADA4-4EEC85119875}.Debug|Any CPU.Build.0 = Sandbox|Any CPU
		{9FC64CC8-F912-4A63-ADA4-4EEC85119875}.Debug|Any CPU.Deploy.0 = Sandbox|Any CPU
		{9FC64CC8-F912-4A63-ADA4-4EEC85119875}.INT-Single|Any CPU.ActiveCfg = INT-Single|Any CPU
		{9FC64CC8-F912-4A63-ADA4-4EEC85119875}.INT-Single|Any CPU.Build.0 = INT-Single|Any CPU
		{9FC64CC8-F912-4A63-ADA4-4EEC85119875}.PROD-CD|Any CPU.ActiveCfg = PROD-CD|Any CPU
		{9FC64CC8-F912-4A63-ADA4-4EEC85119875}.PROD-CD|Any CPU.Build.0 = PROD-CD|Any CPU
		{9FC64CC8-F912-4A63-ADA4-4EEC85119875}.PROD-CM|Any CPU.ActiveCfg = PROD-CM|Any CPU
		{9FC64CC8-F912-4A63-ADA4-4EEC85119875}.PROD-CM|Any CPU.Build.0 = PROD-CM|Any CPU
		{9FC64CC8-F912-4A63-ADA4-4EEC85119875}.PROD-Single|Any CPU.ActiveCfg = PROD-Single|Any CPU
		{9FC64CC8-F912-4A63-ADA4-4EEC85119875}.PROD-Single|Any CPU.Build.0 = PROD-Single|Any CPU
		{9FC64CC8-F912-4A63-ADA4-4EEC85119875}.QA-Single|Any CPU.ActiveCfg = QA-Single|Any CPU
		{9FC64CC8-F912-4A63-ADA4-4EEC85119875}.QA-Single|Any CPU.Build.0 = QA-Single|Any CPU
		{9FC64CC8-F912-4A63-ADA4-4EEC85119875}.Release|Any CPU.ActiveCfg = PROD-Single|Any CPU
		{9FC64CC8-F912-4A63-ADA4-4EEC85119875}.Release|Any CPU.Build.0 = PROD-Single|Any CPU
		{9FC64CC8-F912-4A63-ADA4-4EEC85119875}.Sandbox|Any CPU.ActiveCfg = Sandbox|Any CPU
		{9FC64CC8-F912-4A63-ADA4-4EEC85119875}.Sandbox|Any CPU.Build.0 = Sandbox|Any CPU
		{9FC64CC8-F912-4A63-ADA4-4EEC85119875}.Sandbox|Any CPU.Deploy.0 = Sandbox|Any CPU
		{6254592E-6775-425F-878A-1C0A3BA0CAB7}.CI|Any CPU.ActiveCfg = CI|Any CPU
		{6254592E-6775-425F-878A-1C0A3BA0CAB7}.CI|Any CPU.Build.0 = CI|Any CPU
		{6254592E-6775-425F-878A-1C0A3BA0CAB7}.Debug|Any CPU.ActiveCfg = Sandbox|Any CPU
		{6254592E-6775-425F-878A-1C0A3BA0CAB7}.Debug|Any CPU.Build.0 = Sandbox|Any CPU
		{6254592E-6775-425F-878A-1C0A3BA0CAB7}.Debug|Any CPU.Deploy.0 = Sandbox|Any CPU
		{6254592E-6775-425F-878A-1C0A3BA0CAB7}.INT-Single|Any CPU.ActiveCfg = INT-Single|Any CPU
		{6254592E-6775-425F-878A-1C0A3BA0CAB7}.INT-Single|Any CPU.Build.0 = INT-Single|Any CPU
		{6254592E-6775-425F-878A-1C0A3BA0CAB7}.PROD-CD|Any CPU.ActiveCfg = PROD-CD|Any CPU
		{6254592E-6775-425F-878A-1C0A3BA0CAB7}.PROD-CD|Any CPU.Build.0 = PROD-CD|Any CPU
		{6254592E-6775-425F-878A-1C0A3BA0CAB7}.PROD-CM|Any CPU.ActiveCfg = PROD-CM|Any CPU
		{6254592E-6775-425F-878A-1C0A3BA0CAB7}.PROD-CM|Any CPU.Build.0 = PROD-CM|Any CPU
		{6254592E-6775-425F-878A-1C0A3BA0CAB7}.PROD-Single|Any CPU.ActiveCfg = PROD-Single|Any CPU
		{6254592E-6775-425F-878A-1C0A3BA0CAB7}.PROD-Single|Any CPU.Build.0 = PROD-Single|Any CPU
		{6254592E-6775-425F-878A-1C0A3BA0CAB7}.QA-Single|Any CPU.ActiveCfg = QA-Single|Any CPU
		{6254592E-6775-425F-878A-1C0A3BA0CAB7}.QA-Single|Any CPU.Build.0 = QA-Single|Any CPU
		{6254592E-6775-425F-878A-1C0A3BA0CAB7}.Release|Any CPU.ActiveCfg = PROD-Single|Any CPU
		{6254592E-6775-425F-878A-1C0A3BA0CAB7}.Release|Any CPU.Build.0 = PROD-Single|Any CPU
		{6254592E-6775-425F-878A-1C0A3BA0CAB7}.Sandbox|Any CPU.ActiveCfg = Sandbox|Any CPU
		{6254592E-6775-425F-878A-1C0A3BA0CAB7}.Sandbox|Any CPU.Build.0 = Sandbox|Any CPU
		{6254592E-6775-425F-878A-1C0A3BA0CAB7}.Sandbox|Any CPU.Deploy.0 = Sandbox|Any CPU
		{7C1004D2-518A-4147-8C46-98E5D6BFF8DA}.CI|Any CPU.ActiveCfg = CI|Any CPU
		{7C1004D2-518A-4147-8C46-98E5D6BFF8DA}.CI|Any CPU.Build.0 = CI|Any CPU
		{7C1004D2-518A-4147-8C46-98E5D6BFF8DA}.Debug|Any CPU.ActiveCfg = Sandbox|Any CPU
		{7C1004D2-518A-4147-8C46-98E5D6BFF8DA}.Debug|Any CPU.Build.0 = Sandbox|Any CPU
		{7C1004D2-518A-4147-8C46-98E5D6BFF8DA}.Debug|Any CPU.Deploy.0 = Sandbox|Any CPU
		{7C1004D2-518A-4147-8C46-98E5D6BFF8DA}.INT-Single|Any CPU.ActiveCfg = INT-Single|Any CPU
		{7C1004D2-518A-4147-8C46-98E5D6BFF8DA}.INT-Single|Any CPU.Build.0 = INT-Single|Any CPU
		{7C1004D2-518A-4147-8C46-98E5D6BFF8DA}.PROD-CD|Any CPU.ActiveCfg = PROD-CD|Any CPU
		{7C1004D2-518A-4147-8C46-98E5D6BFF8DA}.PROD-CD|Any CPU.Build.0 = PROD-CD|Any CPU
		{7C1004D2-518A-4147-8C46-98E5D6BFF8DA}.PROD-CM|Any CPU.ActiveCfg = PROD-CM|Any CPU
		{7C1004D2-518A-4147-8C46-98E5D6BFF8DA}.PROD-CM|Any CPU.Build.0 = PROD-CM|Any CPU
		{7C1004D2-518A-4147-8C46-98E5D6BFF8DA}.PROD-Single|Any CPU.ActiveCfg = PROD-Single|Any CPU
		{7C1004D2-518A-4147-8C46-98E5D6BFF8DA}.PROD-Single|Any CPU.Build.0 = PROD-Single|Any CPU
		{7C1004D2-518A-4147-8C46-98E5D6BFF8DA}.QA-Single|Any CPU.ActiveCfg = QA-Single|Any CPU
		{7C1004D2-518A-4147-8C46-98E5D6BFF8DA}.QA-Single|Any CPU.Build.0 = QA-Single|Any CPU
		{7C1004D2-518A-4147-8C46-98E5D6BFF8DA}.Release|Any CPU.ActiveCfg = PROD-Single|Any CPU
		{7C1004D2-518A-4147-8C46-98E5D6BFF8DA}.Release|Any CPU.Build.0 = PROD-Single|Any CPU
		{7C1004D2-518A-4147-8C46-98E5D6BFF8DA}.Sandbox|Any CPU.ActiveCfg = Sandbox|Any CPU
		{7C1004D2-518A-4147-8C46-98E5D6BFF8DA}.Sandbox|Any CPU.Build.0 = Sandbox|Any CPU
		{7C1004D2-518A-4147-8C46-98E5D6BFF8DA}.Sandbox|Any CPU.Deploy.0 = Sandbox|Any CPU
		{82721DCB-403B-4219-B22C-F7747A0EDDFD}.CI|Any CPU.ActiveCfg = CI|Any CPU
		{82721DCB-403B-4219-B22C-F7747A0EDDFD}.CI|Any CPU.Build.0 = CI|Any CPU
		{82721DCB-403B-4219-B22C-F7747A0EDDFD}.Debug|Any CPU.ActiveCfg = Sandbox|Any CPU
		{82721DCB-403B-4219-B22C-F7747A0EDDFD}.Debug|Any CPU.Build.0 = Sandbox|Any CPU
		{82721DCB-403B-4219-B22C-F7747A0EDDFD}.INT-Single|Any CPU.ActiveCfg = INT-Single|Any CPU
		{82721DCB-403B-4219-B22C-F7747A0EDDFD}.INT-Single|Any CPU.Build.0 = INT-Single|Any CPU
		{82721DCB-403B-4219-B22C-F7747A0EDDFD}.PROD-CD|Any CPU.ActiveCfg = PROD-CD|Any CPU
		{82721DCB-403B-4219-B22C-F7747A0EDDFD}.PROD-CD|Any CPU.Build.0 = PROD-CD|Any CPU
		{82721DCB-403B-4219-B22C-F7747A0EDDFD}.PROD-CM|Any CPU.ActiveCfg = PROD-CM|Any CPU
		{82721DCB-403B-4219-B22C-F7747A0EDDFD}.PROD-CM|Any CPU.Build.0 = PROD-CM|Any CPU
		{82721DCB-403B-4219-B22C-F7747A0EDDFD}.PROD-Single|Any CPU.ActiveCfg = PROD-Single|Any CPU
		{82721DCB-403B-4219-B22C-F7747A0EDDFD}.PROD-Single|Any CPU.Build.0 = PROD-Single|Any CPU
		{82721DCB-403B-4219-B22C-F7747A0EDDFD}.QA-Single|Any CPU.ActiveCfg = QA-Single|Any CPU
		{82721DCB-403B-4219-B22C-F7747A0EDDFD}.QA-Single|Any CPU.Build.0 = QA-Single|Any CPU
		{82721DCB-403B-4219-B22C-F7747A0EDDFD}.Release|Any CPU.ActiveCfg = PROD-Single|Any CPU
		{82721DCB-403B-4219-B22C-F7747A0EDDFD}.Release|Any CPU.Build.0 = PROD-Single|Any CPU
		{82721DCB-403B-4219-B22C-F7747A0EDDFD}.Sandbox|Any CPU.ActiveCfg = Sandbox|Any CPU
		{82721DCB-403B-4219-B22C-F7747A0EDDFD}.Sandbox|Any CPU.Build.0 = Sandbox|Any CPU
		{862AF922-7F5F-44AA-8CB4-1D3F9EF84640}.CI|Any CPU.ActiveCfg = Debug|Any CPU
		{862AF922-7F5F-44AA-8CB4-1D3F9EF84640}.CI|Any CPU.Build.0 = Debug|Any CPU
		{862AF922-7F5F-44AA-8CB4-1D3F9EF84640}.Debug|Any CPU.ActiveCfg = Debug|Any CPU
		{862AF922-7F5F-44AA-8CB4-1D3F9EF84640}.Debug|Any CPU.Build.0 = Debug|Any CPU
		{862AF922-7F5F-44AA-8CB4-1D3F9EF84640}.INT-Single|Any CPU.ActiveCfg = Release|Any CPU
		{862AF922-7F5F-44AA-8CB4-1D3F9EF84640}.INT-Single|Any CPU.Build.0 = Release|Any CPU
		{862AF922-7F5F-44AA-8CB4-1D3F9EF84640}.PROD-CD|Any CPU.ActiveCfg = Release|Any CPU
		{862AF922-7F5F-44AA-8CB4-1D3F9EF84640}.PROD-CD|Any CPU.Build.0 = Release|Any CPU
		{862AF922-7F5F-44AA-8CB4-1D3F9EF84640}.PROD-CM|Any CPU.ActiveCfg = Release|Any CPU
		{862AF922-7F5F-44AA-8CB4-1D3F9EF84640}.PROD-CM|Any CPU.Build.0 = Release|Any CPU
		{862AF922-7F5F-44AA-8CB4-1D3F9EF84640}.PROD-Single|Any CPU.ActiveCfg = Release|Any CPU
		{862AF922-7F5F-44AA-8CB4-1D3F9EF84640}.PROD-Single|Any CPU.Build.0 = Release|Any CPU
		{862AF922-7F5F-44AA-8CB4-1D3F9EF84640}.QA-Single|Any CPU.ActiveCfg = Release|Any CPU
		{862AF922-7F5F-44AA-8CB4-1D3F9EF84640}.QA-Single|Any CPU.Build.0 = Release|Any CPU
		{862AF922-7F5F-44AA-8CB4-1D3F9EF84640}.Release|Any CPU.ActiveCfg = Release|Any CPU
		{862AF922-7F5F-44AA-8CB4-1D3F9EF84640}.Release|Any CPU.Build.0 = Release|Any CPU
		{862AF922-7F5F-44AA-8CB4-1D3F9EF84640}.Sandbox|Any CPU.ActiveCfg = Debug|Any CPU
		{862AF922-7F5F-44AA-8CB4-1D3F9EF84640}.Sandbox|Any CPU.Build.0 = Debug|Any CPU
		{15EF08DD-F223-42D0-8850-700A103D6084}.CI|Any CPU.ActiveCfg = Debug|Any CPU
		{15EF08DD-F223-42D0-8850-700A103D6084}.CI|Any CPU.Build.0 = Debug|Any CPU
		{15EF08DD-F223-42D0-8850-700A103D6084}.Debug|Any CPU.ActiveCfg = Debug|Any CPU
		{15EF08DD-F223-42D0-8850-700A103D6084}.Debug|Any CPU.Build.0 = Debug|Any CPU
		{15EF08DD-F223-42D0-8850-700A103D6084}.INT-Single|Any CPU.ActiveCfg = Release|Any CPU
		{15EF08DD-F223-42D0-8850-700A103D6084}.INT-Single|Any CPU.Build.0 = Release|Any CPU
		{15EF08DD-F223-42D0-8850-700A103D6084}.PROD-CD|Any CPU.ActiveCfg = Release|Any CPU
		{15EF08DD-F223-42D0-8850-700A103D6084}.PROD-CD|Any CPU.Build.0 = Release|Any CPU
		{15EF08DD-F223-42D0-8850-700A103D6084}.PROD-CM|Any CPU.ActiveCfg = Release|Any CPU
		{15EF08DD-F223-42D0-8850-700A103D6084}.PROD-CM|Any CPU.Build.0 = Release|Any CPU
		{15EF08DD-F223-42D0-8850-700A103D6084}.PROD-Single|Any CPU.ActiveCfg = Release|Any CPU
		{15EF08DD-F223-42D0-8850-700A103D6084}.PROD-Single|Any CPU.Build.0 = Release|Any CPU
		{15EF08DD-F223-42D0-8850-700A103D6084}.QA-Single|Any CPU.ActiveCfg = Release|Any CPU
		{15EF08DD-F223-42D0-8850-700A103D6084}.QA-Single|Any CPU.Build.0 = Release|Any CPU
		{15EF08DD-F223-42D0-8850-700A103D6084}.Release|Any CPU.ActiveCfg = Release|Any CPU
		{15EF08DD-F223-42D0-8850-700A103D6084}.Release|Any CPU.Build.0 = Release|Any CPU
		{15EF08DD-F223-42D0-8850-700A103D6084}.Sandbox|Any CPU.ActiveCfg = Debug|Any CPU
		{15EF08DD-F223-42D0-8850-700A103D6084}.Sandbox|Any CPU.Build.0 = Debug|Any CPU
	EndGlobalSection
	GlobalSection(SolutionProperties) = preSolution
		HideSolutionNode = FALSE
	EndGlobalSection
	GlobalSection(NestedProjects) = preSolution
		{862AF922-7F5F-44AA-8CB4-1D3F9EF84640} = {9E8F04C5-0300-4219-8926-A9FB1DDA8E6D}
		{15EF08DD-F223-42D0-8850-700A103D6084} = {9E8F04C5-0300-4219-8926-A9FB1DDA8E6D}
	EndGlobalSection
EndGlobal
